// !$*UTF8*$!
{
	archiveVersion = 1;
	classes = {
	};
	objectVersion = 77;
	objects = {

/* Begin PBXBuildFile section */
		E97362F52ED88D0600B2A7CB /* IGolfViewer3D.xcframework in Frameworks */ = {isa = PBXBuildFile; fileRef = E97362F32ED88CDB00B2A7CB /* IGolfViewer3D.xcframework */; };
		E97362F62ED88D0600B2A7CB /* IGolfViewer3D.xcframework in Embed Frameworks */ = {isa = PBXBuildFile; fileRef = E97362F32ED88CDB00B2A7CB /* IGolfViewer3D.xcframework */; settings = {ATTRIBUTES = (CodeSignOnCopy, RemoveHeadersOnCopy, ); }; };
/* End PBXBuildFile section */

/* Begin PBXContainerItemProxy section */
		E97362D62ED88CAD00B2A7CB /* PBXContainerItemProxy */ = {
			isa = PBXContainerItemProxy;
			containerPortal = E97362B72ED88CAB00B2A7CB /* Project object */;
			proxyType = 1;
			remoteGlobalIDString = E97362BE2ED88CAB00B2A7CB;
			remoteInfo = CourseViewerDemo;
		};
		E97362E02ED88CAD00B2A7CB /* PBXContainerItemProxy */ = {
			isa = PBXContainerItemProxy;
			containerPortal = E97362B72ED88CAB00B2A7CB /* Project object */;
			proxyType = 1;
			remoteGlobalIDString = E97362BE2ED88CAB00B2A7CB;
			remoteInfo = CourseViewerDemo;
		};
/* End PBXContainerItemProxy section */

/* Begin PBXCopyFilesBuildPhase section */
		E97362F72ED88D0600B2A7CB /* Embed Frameworks */ = {
			isa = PBXCopyFilesBuildPhase;
			buildActionMask = 2147483647;
			dstPath = "";
			dstSubfolderSpec = 10;
			files = (
				E97362F62ED88D0600B2A7CB /* IGolfViewer3D.xcframework in Embed Frameworks */,
			);
			name = "Embed Frameworks";
			runOnlyForDeploymentPostprocessing = 0;
		};
/* End PBXCopyFilesBuildPhase section */

/* Begin PBXFileReference section */
		E97362BF2ED88CAB00B2A7CB /* CourseViewerDemo.app */ = {isa = PBXFileReference; explicitFileType = wrapper.application; includeInIndex = 0; path = CourseViewerDemo.app; sourceTree = BUILT_PRODUCTS_DIR; };
		E97362D52ED88CAD00B2A7CB /* CourseViewerDemoTests.xctest */ = {isa = PBXFileReference; explicitFileType = wrapper.cfbundle; includeInIndex = 0; path = CourseViewerDemoTests.xctest; sourceTree = BUILT_PRODUCTS_DIR; };
		E97362DF2ED88CAD00B2A7CB /* CourseViewerDemoUITests.xctest */ = {isa = PBXFileReference; explicitFileType = wrapper.cfbundle; includeInIndex = 0; path = CourseViewerDemoUITests.xctest; sourceTree = BUILT_PRODUCTS_DIR; };
		E97362F32ED88CDB00B2A7CB /* IGolfViewer3D.xcframework */ = {isa = PBXFileReference; lastKnownFileType = wrapper.xcframework; path = IGolfViewer3D.xcframework; sourceTree = "<group>"; };
/* End PBXFileReference section */

/* Begin PBXFileSystemSynchronizedBuildFileExceptionSet section */
		E97362E72ED88CAD00B2A7CB /* Exceptions for "CourseViewerDemo" folder in "CourseViewerDemo" target */ = {
			isa = PBXFileSystemSynchronizedBuildFileExceptionSet;
			membershipExceptions = (
				Info.plist,
			);
			target = E97362BE2ED88CAB00B2A7CB /* CourseViewerDemo */;
		};
/* End PBXFileSystemSynchronizedBuildFileExceptionSet section */

/* Begin PBXFileSystemSynchronizedRootGroup section */
		E97362C12ED88CAB00B2A7CB /* CourseViewerDemo */ = {
			isa = PBXFileSystemSynchronizedRootGroup;
			exceptions = (
				E97362E72ED88CAD00B2A7CB /* Exceptions for "CourseViewerDemo" folder in "CourseViewerDemo" target */,
			);
			path = CourseViewerDemo;
			sourceTree = "<group>";
		};
		E97362D82ED88CAD00B2A7CB /* CourseViewerDemoTests */ = {
			isa = PBXFileSystemSynchronizedRootGroup;
			path = CourseViewerDemoTests;
			sourceTree = "<group>";
		};
		E97362E22ED88CAD00B2A7CB /* CourseViewerDemoUITests */ = {
			isa = PBXFileSystemSynchronizedRootGroup;
			path = CourseViewerDemoUITests;
			sourceTree = "<group>";
		};
/* End PBXFileSystemSynchronizedRootGroup section */

/* Begin PBXFrameworksBuildPhase section */
		E97362BC2ED88CAB00B2A7CB /* Frameworks */ = {
			isa = PBXFrameworksBuildPhase;
			buildActionMask = 2147483647;
			files = (
				E97362F52ED88D0600B2A7CB /* IGolfViewer3D.xcframework in Frameworks */,
			);
			runOnlyForDeploymentPostprocessing = 0;
		};
		E97362D22ED88CAD00B2A7CB /* Frameworks */ = {
			isa = PBXFrameworksBuildPhase;
			buildActionMask = 2147483647;
			files = (
			);
			runOnlyForDeploymentPostprocessing = 0;
		};
		E97362DC2ED88CAD00B2A7CB /* Frameworks */ = {
			isa = PBXFrameworksBuildPhase;
			buildActionMask = 2147483647;
			files = (
			);
			runOnlyForDeploymentPostprocessing = 0;
		};
/* End PBXFrameworksBuildPhase section */

/* Begin PBXGroup section */
		E97362B62ED88CAB00B2A7CB = {
			isa = PBXGroup;
			children = (
				E97362C12ED88CAB00B2A7CB /* CourseViewerDemo */,
				E97362D82ED88CAD00B2A7CB /* CourseViewerDemoTests */,
				E97362E22ED88CAD00B2A7CB /* CourseViewerDemoUITests */,
				E97362C02ED88CAB00B2A7CB /* Products */,
				E97362F32ED88CDB00B2A7CB /* IGolfViewer3D.xcframework */,
			);
			sourceTree = "<group>";
		};
		E97362C02ED88CAB00B2A7CB /* Products */ = {
			isa = PBXGroup;
			children = (
				E97362BF2ED88CAB00B2A7CB /* CourseViewerDemo.app */,
				E97362D52ED88CAD00B2A7CB /* CourseViewerDemoTests.xctest */,
				E97362DF2ED88CAD00B2A7CB /* CourseViewerDemoUITests.xctest */,
			);
			name = Products;
			sourceTree = "<group>";
		};
/* End PBXGroup section */

/* Begin PBXNativeTarget section */
		E97362BE2ED88CAB00B2A7CB /* CourseViewerDemo */ = {
			isa = PBXNativeTarget;
			buildConfigurationList = E97362E82ED88CAD00B2A7CB /* Build configuration list for PBXNativeTarget "CourseViewerDemo" */;
			buildPhases = (
				E97362BB2ED88CAB00B2A7CB /* Sources */,
				E97362BC2ED88CAB00B2A7CB /* Frameworks */,
				E97362BD2ED88CAB00B2A7CB /* Resources */,
				E97362F72ED88D0600B2A7CB /* Embed Frameworks */,
			);
			buildRules = (
			);
			dependencies = (
			);
			fileSystemSynchronizedGroups = (
				E97362C12ED88CAB00B2A7CB /* CourseViewerDemo */,
			);
			name = CourseViewerDemo;
			packageProductDependencies = (
			);
			productName = CourseViewerDemo;
			productReference = E97362BF2ED88CAB00B2A7CB /* CourseViewerDemo.app */;
			productType = "com.apple.product-type.application";
		};
		E97362D42ED88CAD00B2A7CB /* CourseViewerDemoTests */ = {
			isa = PBXNativeTarget;
			buildConfigurationList = E97362ED2ED88CAD00B2A7CB /* Build configuration list for PBXNativeTarget "CourseViewerDemoTests" */;
			buildPhases = (
				E97362D12ED88CAD00B2A7CB /* Sources */,
				E97362D22ED88CAD00B2A7CB /* Frameworks */,
				E97362D32ED88CAD00B2A7CB /* Resources */,
			);
			buildRules = (
			);
			dependencies = (
				E97362D72ED88CAD00B2A7CB /* PBXTargetDependency */,
			);
			fileSystemSynchronizedGroups = (
				E97362D82ED88CAD00B2A7CB /* CourseViewerDemoTests */,
			);
			name = CourseViewerDemoTests;
			packageProductDependencies = (
			);
			productName = CourseViewerDemoTests;
			productReference = E97362D52ED88CAD00B2A7CB /* CourseViewerDemoTests.xctest */;
			productType = "com.apple.product-type.bundle.unit-test";
		};
		E97362DE2ED88CAD00B2A7CB /* CourseViewerDemoUITests */ = {
			isa = PBXNativeTarget;
			buildConfigurationList = E97362F02ED88CAD00B2A7CB /* Build configuration list for PBXNativeTarget "CourseViewerDemoUITests" */;
			buildPhases = (
				E97362DB2ED88CAD00B2A7CB /* Sources */,
				E97362DC2ED88CAD00B2A7CB /* Frameworks */,
				E97362DD2ED88CAD00B2A7CB /* Resources */,
			);
			buildRules = (
			);
			dependencies = (
				E97362E12ED88CAD00B2A7CB /* PBXTargetDependency */,
			);
			fileSystemSynchronizedGroups = (
				E97362E22ED88CAD00B2A7CB /* CourseViewerDemoUITests */,
			);
			name = CourseViewerDemoUITests;
			packageProductDependencies = (
			);
			productName = CourseViewerDemoUITests;
			productReference = E97362DF2ED88CAD00B2A7CB /* CourseViewerDemoUITests.xctest */;
			productType = "com.apple.product-type.bundle.ui-testing";
		};
/* End PBXNativeTarget section */

/* Begin PBXProject section */
		E97362B72ED88CAB00B2A7CB /* Project object */ = {
			isa = PBXProject;
			attributes = {
				BuildIndependentTargetsInParallel = 1;
				LastSwiftUpdateCheck = 1640;
				LastUpgradeCheck = 1640;
				TargetAttributes = {
					E97362BE2ED88CAB00B2A7CB = {
						CreatedOnToolsVersion = 16.4;
					};
					E97362D42ED88CAD00B2A7CB = {
						CreatedOnToolsVersion = 16.4;
						TestTargetID = E97362BE2ED88CAB00B2A7CB;
					};
					E97362DE2ED88CAD00B2A7CB = {
						CreatedOnToolsVersion = 16.4;
						TestTargetID = E97362BE2ED88CAB00B2A7CB;
					};
				};
			};
			buildConfigurationList = E97362BA2ED88CAB00B2A7CB /* Build configuration list for PBXProject "CourseViewerDemo" */;
			developmentRegion = en;
			hasScannedForEncodings = 0;
			knownRegions = (
				en,
				Base,
			);
			mainGroup = E97362B62ED88CAB00B2A7CB;
			minimizedProjectReferenceProxies = 1;
			preferredProjectObjectVersion = 77;
			productRefGroup = E97362C02ED88CAB00B2A7CB /* Products */;
			projectDirPath = "";
			projectRoot = "";
			targets = (
				E97362BE2ED88CAB00B2A7CB /* CourseViewerDemo */,
				E97362D42ED88CAD00B2A7CB /* CourseViewerDemoTests */,
				E97362DE2ED88CAD00B2A7CB /* CourseViewerDemoUITests */,
			);
		};
/* End PBXProject section */

/* Begin PBXResourcesBuildPhase section */
		E97362BD2ED88CAB00B2A7CB /* Resources */ = {
			isa = PBXResourcesBuildPhase;
			buildActionMask = 2147483647;
			files = (
			);
			runOnlyForDeploymentPostprocessing = 0;
		};
		E97362D32ED88CAD00B2A7CB /* Resources */ = {
			isa = PBXResourcesBuildPhase;
			buildActionMask = 2147483647;
			files = (
			);
			runOnlyForDeploymentPostprocessing = 0;
		};
		E97362DD2ED88CAD00B2A7CB /* Resources */ = {
			isa = PBXResourcesBuildPhase;
			buildActionMask = 2147483647;
			files = (
			);
			runOnlyForDeploymentPostprocessing = 0;
		};
/* End PBXResourcesBuildPhase section */

/* Begin PBXSourcesBuildPhase section */
		E97362BB2ED88CAB00B2A7CB /* Sources */ = {
			isa = PBXSourcesBuildPhase;
			buildActionMask = 2147483647;
			files = (
			);
			runOnlyForDeploymentPostprocessing = 0;
		};
		E97362D12ED88CAD00B2A7CB /* Sources */ = {
			isa = PBXSourcesBuildPhase;
			buildActionMask = 2147483647;
			files = (
			);
			runOnlyForDeploymentPostprocessing = 0;
		};
		E97362DB2ED88CAD00B2A7CB /* Sources */ = {
			isa = PBXSourcesBuildPhase;
			buildActionMask = 2147483647;
			files = (
			);
			runOnlyForDeploymentPostprocessing = 0;
		};
/* End PBXSourcesBuildPhase section */

/* Begin PBXTargetDependency section */
		E97362D72ED88CAD00B2A7CB /* PBXTargetDependency */ = {
			isa = PBXTargetDependency;
			target = E97362BE2ED88CAB00B2A7CB /* CourseViewerDemo */;
			targetProxy = E97362D62ED88CAD00B2A7CB /* PBXContainerItemProxy */;
		};
		E97362E12ED88CAD00B2A7CB /* PBXTargetDependency */ = {
			isa = PBXTargetDependency;
			target = E97362BE2ED88CAB00B2A7CB /* CourseViewerDemo */;
			targetProxy = E97362E02ED88CAD00B2A7CB /* PBXContainerItemProxy */;
		};
/* End PBXTargetDependency section */

/* Begin XCBuildConfiguration section */
		E97362E92ED88CAD00B2A7CB /* Debug */ = {
			isa = XCBuildConfiguration;
			buildSettings = {
				ASSETCATALOG_COMPILER_APPICON_NAME = AppIcon;
				ASSETCATALOG_COMPILER_GLOBAL_ACCENT_COLOR_NAME = AccentColor;
				CODE_SIGN_STYLE = Automatic;
				CURRENT_PROJECT_VERSION = 1;
				DEVELOPMENT_TEAM = U8V4343PBW;
				GENERATE_INFOPLIST_FILE = YES;
				INFOPLIST_FILE = CourseViewerDemo/Info.plist;
				INFOPLIST_KEY_UIApplicationSupportsIndirectInputEvents = YES;
				INFOPLIST_KEY_UILaunchStoryboardName = LaunchScreen;
				INFOPLIST_KEY_UIMainStoryboardFile = Main;
				INFOPLIST_KEY_UISupportedInterfaceOrientations_iPad = "UIInterfaceOrientationPortrait UIInterfaceOrientationPortraitUpsideDown UIInterfaceOrientationLandscapeLeft UIInterfaceOrientationLandscapeRight";
				INFOPLIST_KEY_UISupportedInterfaceOrientations_iPhone = "UIInterfaceOrientationPortrait UIInterfaceOrientationLandscapeLeft UIInterfaceOrientationLandscapeRight";
				LD_RUNPATH_SEARCH_PATHS = (
					"$(inherited)",
					"@executable_path/Frameworks",
				);
				MARKETING_VERSION = 1.0;
				PRODUCT_BUNDLE_IDENTIFIER = com.filledstacks.viewerDemo.CourseViewerDemo;
				PRODUCT_NAME = "$(TARGET_NAME)";
				SWIFT_EMIT_LOC_STRINGS = YES;
				SWIFT_VERSION = 5.0;
				TARGETED_DEVICE_FAMILY = "1,2";
			};
			name = Debug;
		};
		E97362EA2ED88CAD00B2A7CB /* Release */ = {
			isa = XCBuildConfiguration;
			buildSettings = {
				ASSETCATALOG_COMPILER_APPICON_NAME = AppIcon;
				ASSETCATALOG_COMPILER_GLOBAL_ACCENT_COLOR_NAME = AccentColor;
				CODE_SIGN_STYLE = Automatic;
				CURRENT_PROJECT_VERSION = 1;
				DEVELOPMENT_TEAM = U8V4343PBW;
				GENERATE_INFOPLIST_FILE = YES;
				INFOPLIST_FILE = CourseViewerDemo/Info.plist;
				INFOPLIST_KEY_UIApplicationSupportsIndirectInputEvents = YES;
				INFOPLIST_KEY_UILaunchStoryboardName = LaunchScreen;
				INFOPLIST_KEY_UIMainStoryboardFile = Main;
				INFOPLIST_KEY_UISupportedInterfaceOrientations_iPad = "UIInterfaceOrientationPortrait UIInterfaceOrientationPortraitUpsideDown UIInterfaceOrientationLandscapeLeft UIInterfaceOrientationLandscapeRight";
				INFOPLIST_KEY_UISupportedInterfaceOrientations_iPhone = "UIInterfaceOrientationPortrait UIInterfaceOrientationLandscapeLeft UIInterfaceOrientationLandscapeRight";
				LD_RUNPATH_SEARCH_PATHS = (
					"$(inherited)",
					"@executable_path/Frameworks",
				);
				MARKETING_VERSION = 1.0;
				PRODUCT_BUNDLE_IDENTIFIER = com.filledstacks.viewerDemo.CourseViewerDemo;
				PRODUCT_NAME = "$(TARGET_NAME)";
				SWIFT_EMIT_LOC_STRINGS = YES;
				SWIFT_VERSION = 5.0;
				TARGETED_DEVICE_FAMILY = "1,2";
			};
			name = Release;
		};
		E97362EB2ED88CAD00B2A7CB /* Debug */ = {
			isa = XCBuildConfiguration;
			buildSettings = {
				ALWAYS_SEARCH_USER_PATHS = NO;
				ASSETCATALOG_COMPILER_GENERATE_SWIFT_ASSET_SYMBOL_EXTENSIONS = YES;
				CLANG_ANALYZER_NONNULL = YES;
				CLANG_ANALYZER_NUMBER_OBJECT_CONVERSION = YES_AGGRESSIVE;
				CLANG_CXX_LANGUAGE_STANDARD = "gnu++20";
				CLANG_ENABLE_MODULES = YES;
				CLANG_ENABLE_OBJC_ARC = YES;
				CLANG_ENABLE_OBJC_WEAK = YES;
				CLANG_WARN_BLOCK_CAPTURE_AUTORELEASING = YES;
				CLANG_WARN_BOOL_CONVERSION = YES;
				CLANG_WARN_COMMA = YES;
				CLANG_WARN_CONSTANT_CONVERSION = YES;
				CLANG_WARN_DEPRECATED_OBJC_IMPLEMENTATIONS = YES;
				CLANG_WARN_DIRECT_OBJC_ISA_USAGE = YES_ERROR;
				CLANG_WARN_DOCUMENTATION_COMMENTS = YES;
				CLANG_WARN_EMPTY_BODY = YES;
				CLANG_WARN_ENUM_CONVERSION = YES;
				CLANG_WARN_INFINITE_RECURSION = YES;
				CLANG_WARN_INT_CONVERSION = YES;
				CLANG_WARN_NON_LITERAL_NULL_CONVERSION = YES;
				CLANG_WARN_OBJC_IMPLICIT_RETAIN_SELF = YES;
				CLANG_WARN_OBJC_LITERAL_CONVERSION = YES;
				CLANG_WARN_OBJC_ROOT_CLASS = YES_ERROR;
				CLANG_WARN_QUOTED_INCLUDE_IN_FRAMEWORK_HEADER = YES;
				CLANG_WARN_RANGE_LOOP_ANALYSIS = YES;
				CLANG_WARN_STRICT_PROTOTYPES = YES;
				CLANG_WARN_SUSPICIOUS_MOVE = YES;
				CLANG_WARN_UNGUARDED_AVAILABILITY = YES_AGGRESSIVE;
				CLANG_WARN_UNREACHABLE_CODE = YES;
				CLANG_WARN__DUPLICATE_METHOD_MATCH = YES;
				COPY_PHASE_STRIP = NO;
				DEBUG_INFORMATION_FORMAT = dwarf;
				DEVELOPMENT_TEAM = U8V4343PBW;
				ENABLE_STRICT_OBJC_MSGSEND = YES;
				ENABLE_TESTABILITY = YES;
				ENABLE_USER_SCRIPT_SANDBOXING = YES;
				GCC_C_LANGUAGE_STANDARD = gnu17;
				GCC_DYNAMIC_NO_PIC = NO;
				GCC_NO_COMMON_BLOCKS = YES;
				GCC_OPTIMIZATION_LEVEL = 0;
				GCC_PREPROCESSOR_DEFINITIONS = (
					"DEBUG=1",
					"$(inherited)",
				);
				GCC_WARN_64_TO_32_BIT_CONVERSION = YES;
				GCC_WARN_ABOUT_RETURN_TYPE = YES_ERROR;
				GCC_WARN_UNDECLARED_SELECTOR = YES;
				GCC_WARN_UNINITIALIZED_AUTOS = YES_AGGRESSIVE;
				GCC_WARN_UNUSED_FUNCTION = YES;
				GCC_WARN_UNUSED_VARIABLE = YES;
				IPHONEOS_DEPLOYMENT_TARGET = 18.5;
				LOCALIZATION_PREFERS_STRING_CATALOGS = YES;
				MTL_ENABLE_DEBUG_INFO = INCLUDE_SOURCE;
				MTL_FAST_MATH = YES;
				ONLY_ACTIVE_ARCH = YES;
				SDKROOT = iphoneos;
				SWIFT_ACTIVE_COMPILATION_CONDITIONS = "DEBUG $(inherited)";
				SWIFT_OPTIMIZATION_LEVEL = "-Onone";
			};
			name = Debug;
		};
		E97362EC2ED88CAD00B2A7CB /* Release */ = {
			isa = XCBuildConfiguration;
			buildSettings = {
				ALWAYS_SEARCH_USER_PATHS = NO;
				ASSETCATALOG_COMPILER_GENERATE_SWIFT_ASSET_SYMBOL_EXTENSIONS = YES;
				CLANG_ANALYZER_NONNULL = YES;
				CLANG_ANALYZER_NUMBER_OBJECT_CONVERSION = YES_AGGRESSIVE;
				CLANG_CXX_LANGUAGE_STANDARD = "gnu++20";
				CLANG_ENABLE_MODULES = YES;
				CLANG_ENABLE_OBJC_ARC = YES;
				CLANG_ENABLE_OBJC_WEAK = YES;
				CLANG_WARN_BLOCK_CAPTURE_AUTORELEASING = YES;
				CLANG_WARN_BOOL_CONVERSION = YES;
				CLANG_WARN_COMMA = YES;
				CLANG_WARN_CONSTANT_CONVERSION = YES;
				CLANG_WARN_DEPRECATED_OBJC_IMPLEMENTATIONS = YES;
				CLANG_WARN_DIRECT_OBJC_ISA_USAGE = YES_ERROR;
				CLANG_WARN_DOCUMENTATION_COMMENTS = YES;
				CLANG_WARN_EMPTY_BODY = YES;
				CLANG_WARN_ENUM_CONVERSION = YES;
				CLANG_WARN_INFINITE_RECURSION = YES;
				CLANG_WARN_INT_CONVERSION = YES;
				CLANG_WARN_NON_LITERAL_NULL_CONVERSION = YES;
				CLANG_WARN_OBJC_IMPLICIT_RETAIN_SELF = YES;
				CLANG_WARN_OBJC_LITERAL_CONVERSION = YES;
				CLANG_WARN_OBJC_ROOT_CLASS = YES_ERROR;
				CLANG_WARN_QUOTED_INCLUDE_IN_FRAMEWORK_HEADER = YES;
				CLANG_WARN_RANGE_LOOP_ANALYSIS = YES;
				CLANG_WARN_STRICT_PROTOTYPES = YES;
				CLANG_WARN_SUSPICIOUS_MOVE = YES;
				CLANG_WARN_UNGUARDED_AVAILABILITY = YES_AGGRESSIVE;
				CLANG_WARN_UNREACHABLE_CODE = YES;
				CLANG_WARN__DUPLICATE_METHOD_MATCH = YES;
				COPY_PHASE_STRIP = NO;
				DEBUG_INFORMATION_FORMAT = "dwarf-with-dsym";
				DEVELOPMENT_TEAM = U8V4343PBW;
				ENABLE_NS_ASSERTIONS = NO;
				ENABLE_STRICT_OBJC_MSGSEND = YES;
				ENABLE_USER_SCRIPT_SANDBOXING = YES;
				GCC_C_LANGUAGE_STANDARD = gnu17;
				GCC_NO_COMMON_BLOCKS = YES;
				GCC_WARN_64_TO_32_BIT_CONVERSION = YES;
				GCC_WARN_ABOUT_RETURN_TYPE = YES_ERROR;
				GCC_WARN_UNDECLARED_SELECTOR = YES;
				GCC_WARN_UNINITIALIZED_AUTOS = YES_AGGRESSIVE;
				GCC_WARN_UNUSED_FUNCTION = YES;
				GCC_WARN_UNUSED_VARIABLE = YES;
				IPHONEOS_DEPLOYMENT_TARGET = 18.5;
				LOCALIZATION_PREFERS_STRING_CATALOGS = YES;
				MTL_ENABLE_DEBUG_INFO = NO;
				MTL_FAST_MATH = YES;
				SDKROOT = iphoneos;
				SWIFT_COMPILATION_MODE = wholemodule;
				VALIDATE_PRODUCT = YES;
			};
			name = Release;
		};
		E97362EE2ED88CAD00B2A7CB /* Debug */ = {
			isa = XCBuildConfiguration;
			buildSettings = {
				BUNDLE_LOADER = "$(TEST_HOST)";
				CODE_SIGN_STYLE = Automatic;
				CURRENT_PROJECT_VERSION = 1;
				DEVELOPMENT_TEAM = U8V4343PBW;
				GENERATE_INFOPLIST_FILE = YES;
				IPHONEOS_DEPLOYMENT_TARGET = 18.5;
				MARKETING_VERSION = 1.0;
				PRODUCT_BUNDLE_IDENTIFIER = com.filledstacks.viewerDemo.CourseViewerDemoTests;
				PRODUCT_NAME = "$(TARGET_NAME)";
				SWIFT_EMIT_LOC_STRINGS = NO;
				SWIFT_VERSION = 5.0;
				TARGETED_DEVICE_FAMILY = "1,2";
				TEST_HOST = "$(BUILT_PRODUCTS_DIR)/CourseViewerDemo.app/$(BUNDLE_EXECUTABLE_FOLDER_PATH)/CourseViewerDemo";
			};
			name = Debug;
		};
		E97362EF2ED88CAD00B2A7CB /* Release */ = {
			isa = XCBuildConfiguration;
			buildSettings = {
				BUNDLE_LOADER = "$(TEST_HOST)";
				CODE_SIGN_STYLE = Automatic;
				CURRENT_PROJECT_VERSION = 1;
				DEVELOPMENT_TEAM = U8V4343PBW;
				GENERATE_INFOPLIST_FILE = YES;
				IPHONEOS_DEPLOYMENT_TARGET = 18.5;
				MARKETING_VERSION = 1.0;
				PRODUCT_BUNDLE_IDENTIFIER = com.filledstacks.viewerDemo.CourseViewerDemoTests;
				PRODUCT_NAME = "$(TARGET_NAME)";
				SWIFT_EMIT_LOC_STRINGS = NO;
				SWIFT_VERSION = 5.0;
				TARGETED_DEVICE_FAMILY = "1,2";
				TEST_HOST = "$(BUILT_PRODUCTS_DIR)/CourseViewerDemo.app/$(BUNDLE_EXECUTABLE_FOLDER_PATH)/CourseViewerDemo";
			};
			name = Release;
		};
		E97362F12ED88CAD00B2A7CB /* Debug */ = {
			isa = XCBuildConfiguration;
			buildSettings = {
				CODE_SIGN_STYLE = Automatic;
				CURRENT_PROJECT_VERSION = 1;
				DEVELOPMENT_TEAM = U8V4343PBW;
				GENERATE_INFOPLIST_FILE = YES;
				MARKETING_VERSION = 1.0;
				PRODUCT_BUNDLE_IDENTIFIER = com.filledstacks.viewerDemo.CourseViewerDemoUITests;
				PRODUCT_NAME = "$(TARGET_NAME)";
				SWIFT_EMIT_LOC_STRINGS = NO;
				SWIFT_VERSION = 5.0;
				TARGETED_DEVICE_FAMILY = "1,2";
				TEST_TARGET_NAME = CourseViewerDemo;
			};
			name = Debug;
		};
		E97362F22ED88CAD00B2A7CB /* Release */ = {
			isa = XCBuildConfiguration;
			buildSettings = {
				CODE_SIGN_STYLE = Automatic;
				CURRENT_PROJECT_VERSION = 1;
				DEVELOPMENT_TEAM = U8V4343PBW;
				GENERATE_INFOPLIST_FILE = YES;
				MARKETING_VERSION = 1.0;
				PRODUCT_BUNDLE_IDENTIFIER = com.filledstacks.viewerDemo.CourseViewerDemoUITests;
				PRODUCT_NAME = "$(TARGET_NAME)";
				SWIFT_EMIT_LOC_STRINGS = NO;
				SWIFT_VERSION = 5.0;
				TARGETED_DEVICE_FAMILY = "1,2";
				TEST_TARGET_NAME = CourseViewerDemo;
			};
			name = Release;
		};
/* End XCBuildConfiguration section */

/* Begin XCConfigurationList section */
		E97362BA2ED88CAB00B2A7CB /* Build configuration list for PBXProject "CourseViewerDemo" */ = {
			isa = XCConfigurationList;
			buildConfigurations = (
				E97362EB2ED88CAD00B2A7CB /* Debug */,
				E97362EC2ED88CAD00B2A7CB /* Release */,
			);
			defaultConfigurationIsVisible = 0;
			defaultConfigurationName = Release;
		};
		E97362E82ED88CAD00B2A7CB /* Build configuration list for PBXNativeTarget "CourseViewerDemo" */ = {
			isa = XCConfigurationList;
			buildConfigurations = (
				E97362E92ED88CAD00B2A7CB /* Debug */,
				E97362EA2ED88CAD00B2A7CB /* Release */,
			);
			defaultConfigurationIsVisible = 0;
			defaultConfigurationName = Release;
		};
		E97362ED2ED88CAD00B2A7CB /* Build configuration list for PBXNativeTarget "CourseViewerDemoTests" */ = {
			isa = XCConfigurationList;
			buildConfigurations = (
				E97362EE2ED88CAD00B2A7CB /* Debug */,
				E97362EF2ED88CAD00B2A7CB /* Release */,
			);
			defaultConfigurationIsVisible = 0;
			defaultConfigurationName = Release;
		};
		E97362F02ED88CAD00B2A7CB /* Build configuration list for PBXNativeTarget "CourseViewerDemoUITests" */ = {
			isa = XCConfigurationList;
			buildConfigurations = (
				E97362F12ED88CAD00B2A7CB /* Debug */,
				E97362F22ED88CAD00B2A7CB /* Release */,
			);
			defaultConfigurationIsVisible = 0;
			defaultConfigurationName = Release;
		};
/* End XCConfigurationList section */
	};
	rootObject = E97362B72ED88CAB00B2A7CB /* Project object */;
}
